
Microsoft Visual Studio Solution File, Format Version 12.00
# Visual Studio 2013
VisualStudioVersion = 12.0.31101.0
MinimumVisualStudioVersion = 10.0.40219.1
Project("{FAE04EC0-301F-11D3-BF4B-00C04F79EFBC}") = "Nai.TaskOne", "Nai\Nai.TaskOne.csproj", "{54878875-C274-4456-9431-97A09B9410E6}"
EndProject
Project("{FAE04EC0-301F-11D3-BF4B-00C04F79EFBC}") = "EtaMetricCalculation", "EtaMetricCalculation\EtaMetricCalculation.csproj", "{F3A224B2-5581-4B10-A48B-4C12F7E0F70A}"
EndProject
Global
	GlobalSection(SolutionConfigurationPlatforms) = preSolution
		Debug|Any CPU = Debug|Any CPU
		Release|Any CPU = Release|Any CPU
	EndGlobalSection
	GlobalSection(ProjectConfigurationPlatforms) = postSolution
		{54878875-C274-4456-9431-97A09B9410E6}.Debug|Any CPU.ActiveCfg = Debug|Any CPU
		{54878875-C274-4456-9431-97A09B9410E6}.Debug|Any CPU.Build.0 = Debug|Any CPU
		{54878875-C274-4456-9431-97A09B9410E6}.Release|Any CPU.ActiveCfg = Release|Any CPU
		{54878875-C274-4456-9431-97A09B9410E6}.Release|Any CPU.Build.0 = Release|Any CPU
		{F3A224B2-5581-4B10-A48B-4C12F7E0F70A}.Debug|Any CPU.ActiveCfg = Debug|Any CPU
		{F3A224B2-5581-4B10-A48B-4C12F7E0F70A}.Debug|Any CPU.Build.0 = Debug|Any CPU
		{F3A224B2-5581-4B10-A48B-4C12F7E0F70A}.Release|Any CPU.ActiveCfg = Release|Any CPU
		{F3A224B2-5581-4B10-A48B-4C12F7E0F70A}.Release|Any CPU.Build.0 = Release|Any CPU
	EndGlobalSection
	GlobalSection(SolutionProperties) = preSolution
		HideSolutionNode = FALSE
	EndGlobalSection
EndGlobal
