
Microsoft Visual Studio Solution File, Format Version 12.00
# Visual Studio 2013
VisualStudioVersion = 12.0.31101.0
MinimumVisualStudioVersion = 10.0.40219.1
Project("{FAE04EC0-301F-11D3-BF4B-00C04F79EFBC}") = "Nai.TaskOne", "Nai\Nai.TaskOne.csproj", "{54878875-C274-4456-9431-97A09B9410E6}"
EndProject
Project("{FAE04EC0-301F-11D3-BF4B-00C04F79EFBC}") = "EtaMetricCalculation", "EtaMetricCalculation\EtaMetricCalculation.csproj", "{F3A224B2-5581-4B10-A48B-4C12F7E0F70A}"
EndProject
Project("{FAE04EC0-301F-11D3-BF4B-00C04F79EFBC}") = "ActivationFunctionMetric", "ActivationFunctionMetric\ActivationFunctionMetric.csproj", "{0203A9E4-9E2E-4AE0-9821-B2FAD33ED5B1}"
EndProject
Project("{2150E333-8FDC-42A3-9474-1A3956D46DE8}") = "T1", "T1", "{0E87F47A-B7B0-4D56-960A-A6A0EE7896B6}"
EndProject
Project("{2150E333-8FDC-42A3-9474-1A3956D46DE8}") = "T2", "T2", "{3347A25A-F385-4328-8CC7-3BA235CFCC90}"
EndProject
Project("{FAE04EC0-301F-11D3-BF4B-00C04F79EFBC}") = "Genetic", "Genetic\Genetic.csproj", "{075427FB-BF5E-4DFE-9F70-2DA70A3EFB55}"
EndProject
Project("{FAE04EC0-301F-11D3-BF4B-00C04F79EFBC}") = "Shared", "Shared\Shared.csproj", "{E63A9355-3608-4052-A020-FC0DEA8CE015}"
EndProject
Global
	GlobalSection(SolutionConfigurationPlatforms) = preSolution
		Debug|Any CPU = Debug|Any CPU
		Release|Any CPU = Release|Any CPU
	EndGlobalSection
	GlobalSection(ProjectConfigurationPlatforms) = postSolution
		{54878875-C274-4456-9431-97A09B9410E6}.Debug|Any CPU.ActiveCfg = Debug|Any CPU
		{54878875-C274-4456-9431-97A09B9410E6}.Debug|Any CPU.Build.0 = Debug|Any CPU
		{54878875-C274-4456-9431-97A09B9410E6}.Release|Any CPU.ActiveCfg = Release|Any CPU
		{54878875-C274-4456-9431-97A09B9410E6}.Release|Any CPU.Build.0 = Release|Any CPU
		{F3A224B2-5581-4B10-A48B-4C12F7E0F70A}.Debug|Any CPU.ActiveCfg = Debug|Any CPU
		{F3A224B2-5581-4B10-A48B-4C12F7E0F70A}.Debug|Any CPU.Build.0 = Debug|Any CPU
		{F3A224B2-5581-4B10-A48B-4C12F7E0F70A}.Release|Any CPU.ActiveCfg = Release|Any CPU
		{F3A224B2-5581-4B10-A48B-4C12F7E0F70A}.Release|Any CPU.Build.0 = Release|Any CPU
		{0203A9E4-9E2E-4AE0-9821-B2FAD33ED5B1}.Debug|Any CPU.ActiveCfg = Debug|Any CPU
		{0203A9E4-9E2E-4AE0-9821-B2FAD33ED5B1}.Debug|Any CPU.Build.0 = Debug|Any CPU
		{0203A9E4-9E2E-4AE0-9821-B2FAD33ED5B1}.Release|Any CPU.ActiveCfg = Release|Any CPU
		{0203A9E4-9E2E-4AE0-9821-B2FAD33ED5B1}.Release|Any CPU.Build.0 = Release|Any CPU
		{075427FB-BF5E-4DFE-9F70-2DA70A3EFB55}.Debug|Any CPU.ActiveCfg = Debug|Any CPU
		{075427FB-BF5E-4DFE-9F70-2DA70A3EFB55}.Debug|Any CPU.Build.0 = Debug|Any CPU
		{075427FB-BF5E-4DFE-9F70-2DA70A3EFB55}.Release|Any CPU.ActiveCfg = Release|Any CPU
		{075427FB-BF5E-4DFE-9F70-2DA70A3EFB55}.Release|Any CPU.Build.0 = Release|Any CPU
		{E63A9355-3608-4052-A020-FC0DEA8CE015}.Debug|Any CPU.ActiveCfg = Debug|Any CPU
		{E63A9355-3608-4052-A020-FC0DEA8CE015}.Debug|Any CPU.Build.0 = Debug|Any CPU
		{E63A9355-3608-4052-A020-FC0DEA8CE015}.Release|Any CPU.ActiveCfg = Release|Any CPU
		{E63A9355-3608-4052-A020-FC0DEA8CE015}.Release|Any CPU.Build.0 = Release|Any CPU
	EndGlobalSection
	GlobalSection(SolutionProperties) = preSolution
		HideSolutionNode = FALSE
	EndGlobalSection
	GlobalSection(NestedProjects) = preSolution
		{54878875-C274-4456-9431-97A09B9410E6} = {0E87F47A-B7B0-4D56-960A-A6A0EE7896B6}
		{F3A224B2-5581-4B10-A48B-4C12F7E0F70A} = {0E87F47A-B7B0-4D56-960A-A6A0EE7896B6}
		{0203A9E4-9E2E-4AE0-9821-B2FAD33ED5B1} = {0E87F47A-B7B0-4D56-960A-A6A0EE7896B6}
		{075427FB-BF5E-4DFE-9F70-2DA70A3EFB55} = {3347A25A-F385-4328-8CC7-3BA235CFCC90}
		{E63A9355-3608-4052-A020-FC0DEA8CE015} = {3347A25A-F385-4328-8CC7-3BA235CFCC90}
	EndGlobalSection
EndGlobal
